
Microsoft Visual Studio Solution File, Format Version 12.00
# Visual Studio Version 17
VisualStudioVersion = 17.0.31717.71
MinimumVisualStudioVersion = 10.0.40219.1
Project("{9A19103F-16F7-4668-BE54-9A1E7A4F7556}") = "TinyClicker", "TinyClicker\TinyClicker.csproj", "{A180B50E-1221-420B-9381-40E6C5C4AC32}"
EndProject
Project("{2150E333-8FDC-42A3-9474-1A3956D46DE8}") = "Solution Items", "Solution Items", "{4B0D8EC6-8058-4AC4-8CEF-BE1D3ED95D19}"
	ProjectSection(SolutionItems) = preProject
		.editorconfig = .editorconfig
	EndProjectSection
EndProject
Project("{9A19103F-16F7-4668-BE54-9A1E7A4F7556}") = "TinyClickerTests", "TinyClickerTests\TinyClickerTests.csproj", "{35B84D31-D57D-4DC4-A48B-6D3FA461861D}"
EndProject
Project("{FAE04EC0-301F-11D3-BF4B-00C04F79EFBC}") = "TinyClickerLib", "TinyClickerLib\TinyClickerLib.csproj", "{AEF53C0A-F06B-4E86-988A-FCC345F4918C}"
EndProject
Global
	GlobalSection(SolutionConfigurationPlatforms) = preSolution
		Debug|Any CPU = Debug|Any CPU
		Release|Any CPU = Release|Any CPU
	EndGlobalSection
	GlobalSection(ProjectConfigurationPlatforms) = postSolution
		{A180B50E-1221-420B-9381-40E6C5C4AC32}.Debug|Any CPU.ActiveCfg = Debug|Any CPU
		{A180B50E-1221-420B-9381-40E6C5C4AC32}.Debug|Any CPU.Build.0 = Debug|Any CPU
		{A180B50E-1221-420B-9381-40E6C5C4AC32}.Release|Any CPU.ActiveCfg = Release|Any CPU
		{A180B50E-1221-420B-9381-40E6C5C4AC32}.Release|Any CPU.Build.0 = Release|Any CPU
		{35B84D31-D57D-4DC4-A48B-6D3FA461861D}.Debug|Any CPU.ActiveCfg = Debug|Any CPU
		{35B84D31-D57D-4DC4-A48B-6D3FA461861D}.Debug|Any CPU.Build.0 = Debug|Any CPU
		{35B84D31-D57D-4DC4-A48B-6D3FA461861D}.Release|Any CPU.ActiveCfg = Release|Any CPU
		{35B84D31-D57D-4DC4-A48B-6D3FA461861D}.Release|Any CPU.Build.0 = Release|Any CPU
		{AEF53C0A-F06B-4E86-988A-FCC345F4918C}.Debug|Any CPU.ActiveCfg = Debug|Any CPU
		{AEF53C0A-F06B-4E86-988A-FCC345F4918C}.Debug|Any CPU.Build.0 = Debug|Any CPU
		{AEF53C0A-F06B-4E86-988A-FCC345F4918C}.Release|Any CPU.ActiveCfg = Release|Any CPU
		{AEF53C0A-F06B-4E86-988A-FCC345F4918C}.Release|Any CPU.Build.0 = Release|Any CPU
	EndGlobalSection
	GlobalSection(SolutionProperties) = preSolution
		HideSolutionNode = FALSE
	EndGlobalSection
	GlobalSection(ExtensibilityGlobals) = postSolution
		SolutionGuid = {17C9D444-C638-4FF9-84EA-C139855839F1}
	EndGlobalSection
EndGlobal
