
Microsoft Visual Studio Solution File, Format Version 12.00
# Visual Studio Version 17
VisualStudioVersion = 17.0.31717.71
MinimumVisualStudioVersion = 10.0.40219.1
Project("{2150E333-8FDC-42A3-9474-1A3956D46DE8}") = "Solution Items", "Solution Items", "{4B0D8EC6-8058-4AC4-8CEF-BE1D3ED95D19}"
	ProjectSection(SolutionItems) = preProject
		.editorconfig = .editorconfig
	EndProjectSection
EndProject
Project("{9A19103F-16F7-4668-BE54-9A1E7A4F7556}") = "TinyClicker.Core", "TinyClicker.Core\TinyClicker.Core.csproj", "{F76CB737-A88E-42F4-BBFF-DD44F420FFEE}"
EndProject
Project("{9A19103F-16F7-4668-BE54-9A1E7A4F7556}") = "TinyClicker.Tests", "TinyClicker.Tests\TinyClicker.Tests.csproj", "{50DE3F40-308D-4C97-A36C-ECDB245CB1CB}"
EndProject
Project("{9A19103F-16F7-4668-BE54-9A1E7A4F7556}") = "TinyClicker.UI", "TinyClicker.UI\TinyClicker.UI.csproj", "{7A56F513-95A1-408A-AC5D-E344C9AF6A65}"
EndProject
Global
	GlobalSection(SolutionConfigurationPlatforms) = preSolution
		Debug|Any CPU = Debug|Any CPU
		Release|Any CPU = Release|Any CPU
	EndGlobalSection
	GlobalSection(ProjectConfigurationPlatforms) = postSolution
		{F76CB737-A88E-42F4-BBFF-DD44F420FFEE}.Debug|Any CPU.ActiveCfg = Debug|Any CPU
		{F76CB737-A88E-42F4-BBFF-DD44F420FFEE}.Debug|Any CPU.Build.0 = Debug|Any CPU
		{F76CB737-A88E-42F4-BBFF-DD44F420FFEE}.Release|Any CPU.ActiveCfg = Release|Any CPU
		{F76CB737-A88E-42F4-BBFF-DD44F420FFEE}.Release|Any CPU.Build.0 = Release|Any CPU
		{50DE3F40-308D-4C97-A36C-ECDB245CB1CB}.Debug|Any CPU.ActiveCfg = Debug|Any CPU
		{50DE3F40-308D-4C97-A36C-ECDB245CB1CB}.Debug|Any CPU.Build.0 = Debug|Any CPU
		{50DE3F40-308D-4C97-A36C-ECDB245CB1CB}.Release|Any CPU.ActiveCfg = Release|Any CPU
		{50DE3F40-308D-4C97-A36C-ECDB245CB1CB}.Release|Any CPU.Build.0 = Release|Any CPU
		{7A56F513-95A1-408A-AC5D-E344C9AF6A65}.Debug|Any CPU.ActiveCfg = Debug|Any CPU
		{7A56F513-95A1-408A-AC5D-E344C9AF6A65}.Debug|Any CPU.Build.0 = Debug|Any CPU
		{7A56F513-95A1-408A-AC5D-E344C9AF6A65}.Release|Any CPU.ActiveCfg = Release|Any CPU
		{7A56F513-95A1-408A-AC5D-E344C9AF6A65}.Release|Any CPU.Build.0 = Release|Any CPU
	EndGlobalSection
	GlobalSection(SolutionProperties) = preSolution
		HideSolutionNode = FALSE
	EndGlobalSection
	GlobalSection(ExtensibilityGlobals) = postSolution
		SolutionGuid = {17C9D444-C638-4FF9-84EA-C139855839F1}
	EndGlobalSection
EndGlobal
